// !$*UTF8*$!
{
	archiveVersion = 1;
	classes = {
	};
	objectVersion = 56;
	objects = {

/* Begin PBXBuildFile section */
		1D29BD0E29E7AF0D00CE73D4 /* GoogleService-Info.plist in Resources */ = {isa = PBXBuildFile; fileRef = 1D29BD0D29E7AF0D00CE73D4 /* GoogleService-Info.plist */; };
		1DE50A7229E7090400335183 /* EnterEmailViewController.swift in Sources */ = {isa = PBXBuildFile; fileRef = 1DE50A7129E7090400335183 /* EnterEmailViewController.swift */; };
		1DE50A7429E70FAA00335183 /* MainViewController.swift in Sources */ = {isa = PBXBuildFile; fileRef = 1DE50A7329E70FAA00335183 /* MainViewController.swift */; };
		1DED37C829E6960F00150ED4 /* AppDelegate.swift in Sources */ = {isa = PBXBuildFile; fileRef = 1DED37C729E6960F00150ED4 /* AppDelegate.swift */; };
		1DED37CA29E6960F00150ED4 /* SceneDelegate.swift in Sources */ = {isa = PBXBuildFile; fileRef = 1DED37C929E6960F00150ED4 /* SceneDelegate.swift */; };
		1DED37CC29E6961000150ED4 /* ViewController.swift in Sources */ = {isa = PBXBuildFile; fileRef = 1DED37CB29E6961000150ED4 /* ViewController.swift */; };
		1DED37CF29E6961000150ED4 /* Main.storyboard in Resources */ = {isa = PBXBuildFile; fileRef = 1DED37CD29E6961000150ED4 /* Main.storyboard */; };
		1DED37D129E6961100150ED4 /* Assets.xcassets in Resources */ = {isa = PBXBuildFile; fileRef = 1DED37D029E6961100150ED4 /* Assets.xcassets */; };
		1DED37D429E6961100150ED4 /* LaunchScreen.storyboard in Resources */ = {isa = PBXBuildFile; fileRef = 1DED37D229E6961100150ED4 /* LaunchScreen.storyboard */; };
		1DED37DF29E6961100150ED4 /* loginbySpotifyTests.swift in Sources */ = {isa = PBXBuildFile; fileRef = 1DED37DE29E6961100150ED4 /* loginbySpotifyTests.swift */; };
		1DED37E929E6961100150ED4 /* loginbySpotifyUITests.swift in Sources */ = {isa = PBXBuildFile; fileRef = 1DED37E829E6961100150ED4 /* loginbySpotifyUITests.swift */; };
		1DED37EB29E6961100150ED4 /* loginbySpotifyUITestsLaunchTests.swift in Sources */ = {isa = PBXBuildFile; fileRef = 1DED37EA29E6961100150ED4 /* loginbySpotifyUITestsLaunchTests.swift */; };
		1DFB897C29E6F1DB00ED6521 /* LoginViewController.swift in Sources */ = {isa = PBXBuildFile; fileRef = 1DFB897B29E6F1DB00ED6521 /* LoginViewController.swift */; };
		3B808E9A53AB3577E88DAC0F /* Pods_loginbySpotify.framework in Frameworks */ = {isa = PBXBuildFile; fileRef = 604EBBEE03FB0A3D918B0BFD /* Pods_loginbySpotify.framework */; };
		472144E062D43EB23A677CA0 /* Pods_loginbySpotify_loginbySpotifyUITests.framework in Frameworks */ = {isa = PBXBuildFile; fileRef = E4A2DCE47B0588362ADFFA99 /* Pods_loginbySpotify_loginbySpotifyUITests.framework */; };
		DBA8DF3986F680383E8A8B82 /* Pods_loginbySpotifyTests.framework in Frameworks */ = {isa = PBXBuildFile; fileRef = 9713521CD451604E4186E783 /* Pods_loginbySpotifyTests.framework */; };
/* End PBXBuildFile section */

/* Begin PBXContainerItemProxy section */
		1DED37DB29E6961100150ED4 /* PBXContainerItemProxy */ = {
			isa = PBXContainerItemProxy;
			containerPortal = 1DED37BC29E6960F00150ED4 /* Project object */;
			proxyType = 1;
			remoteGlobalIDString = 1DED37C329E6960F00150ED4;
			remoteInfo = loginbySpotify;
		};
		1DED37E529E6961100150ED4 /* PBXContainerItemProxy */ = {
			isa = PBXContainerItemProxy;
			containerPortal = 1DED37BC29E6960F00150ED4 /* Project object */;
			proxyType = 1;
			remoteGlobalIDString = 1DED37C329E6960F00150ED4;
			remoteInfo = loginbySpotify;
		};
/* End PBXContainerItemProxy section */

/* Begin PBXFileReference section */
		1D29BD0D29E7AF0D00CE73D4 /* GoogleService-Info.plist */ = {isa = PBXFileReference; fileEncoding = 4; lastKnownFileType = text.plist.xml; path = "GoogleService-Info.plist"; sourceTree = "<group>"; };
		1DE50A7129E7090400335183 /* EnterEmailViewController.swift */ = {isa = PBXFileReference; lastKnownFileType = sourcecode.swift; path = EnterEmailViewController.swift; sourceTree = "<group>"; };
		1DE50A7329E70FAA00335183 /* MainViewController.swift */ = {isa = PBXFileReference; lastKnownFileType = sourcecode.swift; path = MainViewController.swift; sourceTree = "<group>"; };
		1DED37C429E6960F00150ED4 /* loginbySpotify.app */ = {isa = PBXFileReference; explicitFileType = wrapper.application; includeInIndex = 0; path = loginbySpotify.app; sourceTree = BUILT_PRODUCTS_DIR; };
		1DED37C729E6960F00150ED4 /* AppDelegate.swift */ = {isa = PBXFileReference; lastKnownFileType = sourcecode.swift; path = AppDelegate.swift; sourceTree = "<group>"; };
		1DED37C929E6960F00150ED4 /* SceneDelegate.swift */ = {isa = PBXFileReference; lastKnownFileType = sourcecode.swift; path = SceneDelegate.swift; sourceTree = "<group>"; };
		1DED37CB29E6961000150ED4 /* ViewController.swift */ = {isa = PBXFileReference; lastKnownFileType = sourcecode.swift; path = ViewController.swift; sourceTree = "<group>"; };
		1DED37CE29E6961000150ED4 /* Base */ = {isa = PBXFileReference; lastKnownFileType = file.storyboard; name = Base; path = Base.lproj/Main.storyboard; sourceTree = "<group>"; };
		1DED37D029E6961100150ED4 /* Assets.xcassets */ = {isa = PBXFileReference; lastKnownFileType = folder.assetcatalog; path = Assets.xcassets; sourceTree = "<group>"; };
		1DED37D329E6961100150ED4 /* Base */ = {isa = PBXFileReference; lastKnownFileType = file.storyboard; name = Base; path = Base.lproj/LaunchScreen.storyboard; sourceTree = "<group>"; };
		1DED37D529E6961100150ED4 /* Info.plist */ = {isa = PBXFileReference; lastKnownFileType = text.plist.xml; path = Info.plist; sourceTree = "<group>"; };
		1DED37DA29E6961100150ED4 /* loginbySpotifyTests.xctest */ = {isa = PBXFileReference; explicitFileType = wrapper.cfbundle; includeInIndex = 0; path = loginbySpotifyTests.xctest; sourceTree = BUILT_PRODUCTS_DIR; };
		1DED37DE29E6961100150ED4 /* loginbySpotifyTests.swift */ = {isa = PBXFileReference; lastKnownFileType = sourcecode.swift; path = loginbySpotifyTests.swift; sourceTree = "<group>"; };
		1DED37E429E6961100150ED4 /* loginbySpotifyUITests.xctest */ = {isa = PBXFileReference; explicitFileType = wrapper.cfbundle; includeInIndex = 0; path = loginbySpotifyUITests.xctest; sourceTree = BUILT_PRODUCTS_DIR; };
		1DED37E829E6961100150ED4 /* loginbySpotifyUITests.swift */ = {isa = PBXFileReference; lastKnownFileType = sourcecode.swift; path = loginbySpotifyUITests.swift; sourceTree = "<group>"; };
		1DED37EA29E6961100150ED4 /* loginbySpotifyUITestsLaunchTests.swift */ = {isa = PBXFileReference; lastKnownFileType = sourcecode.swift; path = loginbySpotifyUITestsLaunchTests.swift; sourceTree = "<group>"; };
		1DFB897B29E6F1DB00ED6521 /* LoginViewController.swift */ = {isa = PBXFileReference; lastKnownFileType = sourcecode.swift; path = LoginViewController.swift; sourceTree = "<group>"; };
		2133580B5D83C5C5772E67F7 /* Pods-loginbySpotifyTests.debug.xcconfig */ = {isa = PBXFileReference; includeInIndex = 1; lastKnownFileType = text.xcconfig; name = "Pods-loginbySpotifyTests.debug.xcconfig"; path = "Target Support Files/Pods-loginbySpotifyTests/Pods-loginbySpotifyTests.debug.xcconfig"; sourceTree = "<group>"; };
		604EBBEE03FB0A3D918B0BFD /* Pods_loginbySpotify.framework */ = {isa = PBXFileReference; explicitFileType = wrapper.framework; includeInIndex = 0; path = Pods_loginbySpotify.framework; sourceTree = BUILT_PRODUCTS_DIR; };
		6E475CC9CC3FE7414DA71877 /* Pods-loginbySpotify-loginbySpotifyUITests.release.xcconfig */ = {isa = PBXFileReference; includeInIndex = 1; lastKnownFileType = text.xcconfig; name = "Pods-loginbySpotify-loginbySpotifyUITests.release.xcconfig"; path = "Target Support Files/Pods-loginbySpotify-loginbySpotifyUITests/Pods-loginbySpotify-loginbySpotifyUITests.release.xcconfig"; sourceTree = "<group>"; };
		8069052B777A13AF1ADB16F3 /* Pods-loginbySpotifyTests.release.xcconfig */ = {isa = PBXFileReference; includeInIndex = 1; lastKnownFileType = text.xcconfig; name = "Pods-loginbySpotifyTests.release.xcconfig"; path = "Target Support Files/Pods-loginbySpotifyTests/Pods-loginbySpotifyTests.release.xcconfig"; sourceTree = "<group>"; };
		85D8167F07569DAACF647288 /* Pods-loginbySpotify.debug.xcconfig */ = {isa = PBXFileReference; includeInIndex = 1; lastKnownFileType = text.xcconfig; name = "Pods-loginbySpotify.debug.xcconfig"; path = "Target Support Files/Pods-loginbySpotify/Pods-loginbySpotify.debug.xcconfig"; sourceTree = "<group>"; };
		9713521CD451604E4186E783 /* Pods_loginbySpotifyTests.framework */ = {isa = PBXFileReference; explicitFileType = wrapper.framework; includeInIndex = 0; path = Pods_loginbySpotifyTests.framework; sourceTree = BUILT_PRODUCTS_DIR; };
		CA0D19F97973227D9E15C7C2 /* Pods-loginbySpotify-loginbySpotifyUITests.debug.xcconfig */ = {isa = PBXFileReference; includeInIndex = 1; lastKnownFileType = text.xcconfig; name = "Pods-loginbySpotify-loginbySpotifyUITests.debug.xcconfig"; path = "Target Support Files/Pods-loginbySpotify-loginbySpotifyUITests/Pods-loginbySpotify-loginbySpotifyUITests.debug.xcconfig"; sourceTree = "<group>"; };
		CE43116AB581A32F1D2644A4 /* Pods-loginbySpotify.release.xcconfig */ = {isa = PBXFileReference; includeInIndex = 1; lastKnownFileType = text.xcconfig; name = "Pods-loginbySpotify.release.xcconfig"; path = "Target Support Files/Pods-loginbySpotify/Pods-loginbySpotify.release.xcconfig"; sourceTree = "<group>"; };
		E4A2DCE47B0588362ADFFA99 /* Pods_loginbySpotify_loginbySpotifyUITests.framework */ = {isa = PBXFileReference; explicitFileType = wrapper.framework; includeInIndex = 0; path = Pods_loginbySpotify_loginbySpotifyUITests.framework; sourceTree = BUILT_PRODUCTS_DIR; };
/* End PBXFileReference section */

/* Begin PBXFrameworksBuildPhase section */
		1DED37C129E6960F00150ED4 /* Frameworks */ = {
			isa = PBXFrameworksBuildPhase;
			buildActionMask = 2147483647;
			files = (
				3B808E9A53AB3577E88DAC0F /* Pods_loginbySpotify.framework in Frameworks */,
			);
			runOnlyForDeploymentPostprocessing = 0;
		};
		1DED37D729E6961100150ED4 /* Frameworks */ = {
			isa = PBXFrameworksBuildPhase;
			buildActionMask = 2147483647;
			files = (
				DBA8DF3986F680383E8A8B82 /* Pods_loginbySpotifyTests.framework in Frameworks */,
			);
			runOnlyForDeploymentPostprocessing = 0;
		};
		1DED37E129E6961100150ED4 /* Frameworks */ = {
			isa = PBXFrameworksBuildPhase;
			buildActionMask = 2147483647;
			files = (
				472144E062D43EB23A677CA0 /* Pods_loginbySpotify_loginbySpotifyUITests.framework in Frameworks */,
			);
			runOnlyForDeploymentPostprocessing = 0;
		};
/* End PBXFrameworksBuildPhase section */

/* Begin PBXGroup section */
		1DED37BB29E6960F00150ED4 = {
			isa = PBXGroup;
			children = (
				1DED37C629E6960F00150ED4 /* loginbySpotify */,
				1DED37DD29E6961100150ED4 /* loginbySpotifyTests */,
				1DED37E729E6961100150ED4 /* loginbySpotifyUITests */,
				1DED37C529E6960F00150ED4 /* Products */,
				23F29805C425C11BC9F321B8 /* Pods */,
				7CF6DA67A46FD71211100980 /* Frameworks */,
			);
			sourceTree = "<group>";
		};
		1DED37C529E6960F00150ED4 /* Products */ = {
			isa = PBXGroup;
			children = (
				1DED37C429E6960F00150ED4 /* loginbySpotify.app */,
				1DED37DA29E6961100150ED4 /* loginbySpotifyTests.xctest */,
				1DED37E429E6961100150ED4 /* loginbySpotifyUITests.xctest */,
			);
			name = Products;
			sourceTree = "<group>";
		};
		1DED37C629E6960F00150ED4 /* loginbySpotify */ = {
			isa = PBXGroup;
			children = (
				1DED37C729E6960F00150ED4 /* AppDelegate.swift */,
				1DED37C929E6960F00150ED4 /* SceneDelegate.swift */,
				1DED37CB29E6961000150ED4 /* ViewController.swift */,
				1DED37CD29E6961000150ED4 /* Main.storyboard */,
				1DED37D029E6961100150ED4 /* Assets.xcassets */,
				1DED37D229E6961100150ED4 /* LaunchScreen.storyboard */,
				1DED37D529E6961100150ED4 /* Info.plist */,
				1DFB897B29E6F1DB00ED6521 /* LoginViewController.swift */,
				1DE50A7129E7090400335183 /* EnterEmailViewController.swift */,
				1DE50A7329E70FAA00335183 /* MainViewController.swift */,
				1D29BD0D29E7AF0D00CE73D4 /* GoogleService-Info.plist */,
			);
			path = loginbySpotify;
			sourceTree = "<group>";
		};
		1DED37DD29E6961100150ED4 /* loginbySpotifyTests */ = {
			isa = PBXGroup;
			children = (
				1DED37DE29E6961100150ED4 /* loginbySpotifyTests.swift */,
			);
			path = loginbySpotifyTests;
			sourceTree = "<group>";
		};
		1DED37E729E6961100150ED4 /* loginbySpotifyUITests */ = {
			isa = PBXGroup;
			children = (
				1DED37E829E6961100150ED4 /* loginbySpotifyUITests.swift */,
				1DED37EA29E6961100150ED4 /* loginbySpotifyUITestsLaunchTests.swift */,
			);
			path = loginbySpotifyUITests;
			sourceTree = "<group>";
		};
		23F29805C425C11BC9F321B8 /* Pods */ = {
			isa = PBXGroup;
			children = (
				85D8167F07569DAACF647288 /* Pods-loginbySpotify.debug.xcconfig */,
				CE43116AB581A32F1D2644A4 /* Pods-loginbySpotify.release.xcconfig */,
				CA0D19F97973227D9E15C7C2 /* Pods-loginbySpotify-loginbySpotifyUITests.debug.xcconfig */,
				6E475CC9CC3FE7414DA71877 /* Pods-loginbySpotify-loginbySpotifyUITests.release.xcconfig */,
				2133580B5D83C5C5772E67F7 /* Pods-loginbySpotifyTests.debug.xcconfig */,
				8069052B777A13AF1ADB16F3 /* Pods-loginbySpotifyTests.release.xcconfig */,
			);
			path = Pods;
			sourceTree = "<group>";
		};
		7CF6DA67A46FD71211100980 /* Frameworks */ = {
			isa = PBXGroup;
			children = (
				604EBBEE03FB0A3D918B0BFD /* Pods_loginbySpotify.framework */,
				E4A2DCE47B0588362ADFFA99 /* Pods_loginbySpotify_loginbySpotifyUITests.framework */,
				9713521CD451604E4186E783 /* Pods_loginbySpotifyTests.framework */,
			);
			name = Frameworks;
			sourceTree = "<group>";
		};
/* End PBXGroup section */

/* Begin PBXNativeTarget section */
		1DED37C329E6960F00150ED4 /* loginbySpotify */ = {
			isa = PBXNativeTarget;
			buildConfigurationList = 1DED37EE29E6961100150ED4 /* Build configuration list for PBXNativeTarget "loginbySpotify" */;
			buildPhases = (
				1C24A4D520F6E98A026E451A /* [CP] Check Pods Manifest.lock */,
				1DED37C029E6960F00150ED4 /* Sources */,
				1DED37C129E6960F00150ED4 /* Frameworks */,
				1DED37C229E6960F00150ED4 /* Resources */,
				5781E0DD54FA161D028FE5C8 /* [CP] Embed Pods Frameworks */,
				0B921B468888276553DC29BA /* [CP] Copy Pods Resources */,
			);
			buildRules = (
			);
			dependencies = (
			);
			name = loginbySpotify;
			productName = loginbySpotify;
			productReference = 1DED37C429E6960F00150ED4 /* loginbySpotify.app */;
			productType = "com.apple.product-type.application";
		};
		1DED37D929E6961100150ED4 /* loginbySpotifyTests */ = {
			isa = PBXNativeTarget;
			buildConfigurationList = 1DED37F129E6961100150ED4 /* Build configuration list for PBXNativeTarget "loginbySpotifyTests" */;
			buildPhases = (
				ED793BC0DE1D40C861C53716 /* [CP] Check Pods Manifest.lock */,
				1DED37D629E6961100150ED4 /* Sources */,
				1DED37D729E6961100150ED4 /* Frameworks */,
				1DED37D829E6961100150ED4 /* Resources */,
			);
			buildRules = (
			);
			dependencies = (
				1DED37DC29E6961100150ED4 /* PBXTargetDependency */,
			);
			name = loginbySpotifyTests;
			productName = loginbySpotifyTests;
			productReference = 1DED37DA29E6961100150ED4 /* loginbySpotifyTests.xctest */;
			productType = "com.apple.product-type.bundle.unit-test";
		};
		1DED37E329E6961100150ED4 /* loginbySpotifyUITests */ = {
			isa = PBXNativeTarget;
			buildConfigurationList = 1DED37F429E6961100150ED4 /* Build configuration list for PBXNativeTarget "loginbySpotifyUITests" */;
			buildPhases = (
				602E1FB377FA98A4237A1AC8 /* [CP] Check Pods Manifest.lock */,
				1DED37E029E6961100150ED4 /* Sources */,
				1DED37E129E6961100150ED4 /* Frameworks */,
				1DED37E229E6961100150ED4 /* Resources */,
				A17C3F58456F105DDF73C2A0 /* [CP] Embed Pods Frameworks */,
				CE25A9A787D5C99B9B427DDE /* [CP] Copy Pods Resources */,
			);
			buildRules = (
			);
			dependencies = (
				1DED37E629E6961100150ED4 /* PBXTargetDependency */,
			);
			name = loginbySpotifyUITests;
			productName = loginbySpotifyUITests;
			productReference = 1DED37E429E6961100150ED4 /* loginbySpotifyUITests.xctest */;
			productType = "com.apple.product-type.bundle.ui-testing";
		};
/* End PBXNativeTarget section */

/* Begin PBXProject section */
		1DED37BC29E6960F00150ED4 /* Project object */ = {
			isa = PBXProject;
			attributes = {
				BuildIndependentTargetsInParallel = 1;
				LastSwiftUpdateCheck = 1420;
				LastUpgradeCheck = 1420;
				TargetAttributes = {
					1DED37C329E6960F00150ED4 = {
						CreatedOnToolsVersion = 14.2;
					};
					1DED37D929E6961100150ED4 = {
						CreatedOnToolsVersion = 14.2;
						TestTargetID = 1DED37C329E6960F00150ED4;
					};
					1DED37E329E6961100150ED4 = {
						CreatedOnToolsVersion = 14.2;
						TestTargetID = 1DED37C329E6960F00150ED4;
					};
				};
			};
			buildConfigurationList = 1DED37BF29E6960F00150ED4 /* Build configuration list for PBXProject "loginbySpotify" */;
			compatibilityVersion = "Xcode 14.0";
			developmentRegion = en;
			hasScannedForEncodings = 0;
			knownRegions = (
				en,
				Base,
			);
			mainGroup = 1DED37BB29E6960F00150ED4;
			productRefGroup = 1DED37C529E6960F00150ED4 /* Products */;
			projectDirPath = "";
			projectRoot = "";
			targets = (
				1DED37C329E6960F00150ED4 /* loginbySpotify */,
				1DED37D929E6961100150ED4 /* loginbySpotifyTests */,
				1DED37E329E6961100150ED4 /* loginbySpotifyUITests */,
			);
		};
/* End PBXProject section */

/* Begin PBXResourcesBuildPhase section */
		1DED37C229E6960F00150ED4 /* Resources */ = {
			isa = PBXResourcesBuildPhase;
			buildActionMask = 2147483647;
			files = (
				1DED37D429E6961100150ED4 /* LaunchScreen.storyboard in Resources */,
				1D29BD0E29E7AF0D00CE73D4 /* GoogleService-Info.plist in Resources */,
				1DED37D129E6961100150ED4 /* Assets.xcassets in Resources */,
				1DED37CF29E6961000150ED4 /* Main.storyboard in Resources */,
			);
			runOnlyForDeploymentPostprocessing = 0;
		};
		1DED37D829E6961100150ED4 /* Resources */ = {
			isa = PBXResourcesBuildPhase;
			buildActionMask = 2147483647;
			files = (
			);
			runOnlyForDeploymentPostprocessing = 0;
		};
		1DED37E229E6961100150ED4 /* Resources */ = {
			isa = PBXResourcesBuildPhase;
			buildActionMask = 2147483647;
			files = (
			);
			runOnlyForDeploymentPostprocessing = 0;
		};
/* End PBXResourcesBuildPhase section */

/* Begin PBXShellScriptBuildPhase section */
		0B921B468888276553DC29BA /* [CP] Copy Pods Resources */ = {
			isa = PBXShellScriptBuildPhase;
			buildActionMask = 2147483647;
			files = (
			);
			inputFileListPaths = (
				"${PODS_ROOT}/Target Support Files/Pods-loginbySpotify/Pods-loginbySpotify-resources-${CONFIGURATION}-input-files.xcfilelist",
			);
			name = "[CP] Copy Pods Resources";
			outputFileListPaths = (
				"${PODS_ROOT}/Target Support Files/Pods-loginbySpotify/Pods-loginbySpotify-resources-${CONFIGURATION}-output-files.xcfilelist",
			);
			runOnlyForDeploymentPostprocessing = 0;
			shellPath = /bin/sh;
			shellScript = "\"${PODS_ROOT}/Target Support Files/Pods-loginbySpotify/Pods-loginbySpotify-resources.sh\"\n";
			showEnvVarsInLog = 0;
		};
		1C24A4D520F6E98A026E451A /* [CP] Check Pods Manifest.lock */ = {
			isa = PBXShellScriptBuildPhase;
			buildActionMask = 2147483647;
			files = (
			);
			inputFileListPaths = (
			);
			inputPaths = (
				"${PODS_PODFILE_DIR_PATH}/Podfile.lock",
				"${PODS_ROOT}/Manifest.lock",
			);
			name = "[CP] Check Pods Manifest.lock";
			outputFileListPaths = (
			);
			outputPaths = (
				"$(DERIVED_FILE_DIR)/Pods-loginbySpotify-checkManifestLockResult.txt",
			);
			runOnlyForDeploymentPostprocessing = 0;
			shellPath = /bin/sh;
			shellScript = "diff \"${PODS_PODFILE_DIR_PATH}/Podfile.lock\" \"${PODS_ROOT}/Manifest.lock\" > /dev/null\nif [ $? != 0 ] ; then\n    # print error to STDERR\n    echo \"error: The sandbox is not in sync with the Podfile.lock. Run 'pod install' or update your CocoaPods installation.\" >&2\n    exit 1\nfi\n# This output is used by Xcode 'outputs' to avoid re-running this script phase.\necho \"SUCCESS\" > \"${SCRIPT_OUTPUT_FILE_0}\"\n";
			showEnvVarsInLog = 0;
		};
		5781E0DD54FA161D028FE5C8 /* [CP] Embed Pods Frameworks */ = {
			isa = PBXShellScriptBuildPhase;
			buildActionMask = 2147483647;
			files = (
			);
			inputFileListPaths = (
				"${PODS_ROOT}/Target Support Files/Pods-loginbySpotify/Pods-loginbySpotify-frameworks-${CONFIGURATION}-input-files.xcfilelist",
			);
			name = "[CP] Embed Pods Frameworks";
			outputFileListPaths = (
				"${PODS_ROOT}/Target Support Files/Pods-loginbySpotify/Pods-loginbySpotify-frameworks-${CONFIGURATION}-output-files.xcfilelist",
			);
			runOnlyForDeploymentPostprocessing = 0;
			shellPath = /bin/sh;
			shellScript = "\"${PODS_ROOT}/Target Support Files/Pods-loginbySpotify/Pods-loginbySpotify-frameworks.sh\"\n";
			showEnvVarsInLog = 0;
		};
		602E1FB377FA98A4237A1AC8 /* [CP] Check Pods Manifest.lock */ = {
			isa = PBXShellScriptBuildPhase;
			buildActionMask = 2147483647;
			files = (
			);
			inputFileListPaths = (
			);
			inputPaths = (
				"${PODS_PODFILE_DIR_PATH}/Podfile.lock",
				"${PODS_ROOT}/Manifest.lock",
			);
			name = "[CP] Check Pods Manifest.lock";
			outputFileListPaths = (
			);
			outputPaths = (
				"$(DERIVED_FILE_DIR)/Pods-loginbySpotify-loginbySpotifyUITests-checkManifestLockResult.txt",
			);
			runOnlyForDeploymentPostprocessing = 0;
			shellPath = /bin/sh;
			shellScript = "diff \"${PODS_PODFILE_DIR_PATH}/Podfile.lock\" \"${PODS_ROOT}/Manifest.lock\" > /dev/null\nif [ $? != 0 ] ; then\n    # print error to STDERR\n    echo \"error: The sandbox is not in sync with the Podfile.lock. Run 'pod install' or update your CocoaPods installation.\" >&2\n    exit 1\nfi\n# This output is used by Xcode 'outputs' to avoid re-running this script phase.\necho \"SUCCESS\" > \"${SCRIPT_OUTPUT_FILE_0}\"\n";
			showEnvVarsInLog = 0;
		};
		A17C3F58456F105DDF73C2A0 /* [CP] Embed Pods Frameworks */ = {
			isa = PBXShellScriptBuildPhase;
			buildActionMask = 2147483647;
			files = (
			);
			inputFileListPaths = (
				"${PODS_ROOT}/Target Support Files/Pods-loginbySpotify-loginbySpotifyUITests/Pods-loginbySpotify-loginbySpotifyUITests-frameworks-${CONFIGURATION}-input-files.xcfilelist",
			);
			name = "[CP] Embed Pods Frameworks";
			outputFileListPaths = (
				"${PODS_ROOT}/Target Support Files/Pods-loginbySpotify-loginbySpotifyUITests/Pods-loginbySpotify-loginbySpotifyUITests-frameworks-${CONFIGURATION}-output-files.xcfilelist",
			);
			runOnlyForDeploymentPostprocessing = 0;
			shellPath = /bin/sh;
			shellScript = "\"${PODS_ROOT}/Target Support Files/Pods-loginbySpotify-loginbySpotifyUITests/Pods-loginbySpotify-loginbySpotifyUITests-frameworks.sh\"\n";
			showEnvVarsInLog = 0;
		};
		CE25A9A787D5C99B9B427DDE /* [CP] Copy Pods Resources */ = {
			isa = PBXShellScriptBuildPhase;
			buildActionMask = 2147483647;
			files = (
			);
			inputFileListPaths = (
				"${PODS_ROOT}/Target Support Files/Pods-loginbySpotify-loginbySpotifyUITests/Pods-loginbySpotify-loginbySpotifyUITests-resources-${CONFIGURATION}-input-files.xcfilelist",
			);
			name = "[CP] Copy Pods Resources";
			outputFileListPaths = (
				"${PODS_ROOT}/Target Support Files/Pods-loginbySpotify-loginbySpotifyUITests/Pods-loginbySpotify-loginbySpotifyUITests-resources-${CONFIGURATION}-output-files.xcfilelist",
			);
			runOnlyForDeploymentPostprocessing = 0;
			shellPath = /bin/sh;
			shellScript = "\"${PODS_ROOT}/Target Support Files/Pods-loginbySpotify-loginbySpotifyUITests/Pods-loginbySpotify-loginbySpotifyUITests-resources.sh\"\n";
			showEnvVarsInLog = 0;
		};
		ED793BC0DE1D40C861C53716 /* [CP] Check Pods Manifest.lock */ = {
			isa = PBXShellScriptBuildPhase;
			buildActionMask = 2147483647;
			files = (
			);
			inputFileListPaths = (
			);
			inputPaths = (
				"${PODS_PODFILE_DIR_PATH}/Podfile.lock",
				"${PODS_ROOT}/Manifest.lock",
			);
			name = "[CP] Check Pods Manifest.lock";
			outputFileListPaths = (
			);
			outputPaths = (
				"$(DERIVED_FILE_DIR)/Pods-loginbySpotifyTests-checkManifestLockResult.txt",
			);
			runOnlyForDeploymentPostprocessing = 0;
			shellPath = /bin/sh;
			shellScript = "diff \"${PODS_PODFILE_DIR_PATH}/Podfile.lock\" \"${PODS_ROOT}/Manifest.lock\" > /dev/null\nif [ $? != 0 ] ; then\n    # print error to STDERR\n    echo \"error: The sandbox is not in sync with the Podfile.lock. Run 'pod install' or update your CocoaPods installation.\" >&2\n    exit 1\nfi\n# This output is used by Xcode 'outputs' to avoid re-running this script phase.\necho \"SUCCESS\" > \"${SCRIPT_OUTPUT_FILE_0}\"\n";
			showEnvVarsInLog = 0;
		};
/* End PBXShellScriptBuildPhase section */

/* Begin PBXSourcesBuildPhase section */
		1DED37C029E6960F00150ED4 /* Sources */ = {
			isa = PBXSourcesBuildPhase;
			buildActionMask = 2147483647;
			files = (
				1DFB897C29E6F1DB00ED6521 /* LoginViewController.swift in Sources */,
				1DED37CC29E6961000150ED4 /* ViewController.swift in Sources */,
				1DED37C829E6960F00150ED4 /* AppDelegate.swift in Sources */,
				1DE50A7229E7090400335183 /* EnterEmailViewController.swift in Sources */,
				1DED37CA29E6960F00150ED4 /* SceneDelegate.swift in Sources */,
				1DE50A7429E70FAA00335183 /* MainViewController.swift in Sources */,
			);
			runOnlyForDeploymentPostprocessing = 0;
		};
		1DED37D629E6961100150ED4 /* Sources */ = {
			isa = PBXSourcesBuildPhase;
			buildActionMask = 2147483647;
			files = (
				1DED37DF29E6961100150ED4 /* loginbySpotifyTests.swift in Sources */,
			);
			runOnlyForDeploymentPostprocessing = 0;
		};
		1DED37E029E6961100150ED4 /* Sources */ = {
			isa = PBXSourcesBuildPhase;
			buildActionMask = 2147483647;
			files = (
				1DED37EB29E6961100150ED4 /* loginbySpotifyUITestsLaunchTests.swift in Sources */,
				1DED37E929E6961100150ED4 /* loginbySpotifyUITests.swift in Sources */,
			);
			runOnlyForDeploymentPostprocessing = 0;
		};
/* End PBXSourcesBuildPhase section */

/* Begin PBXTargetDependency section */
		1DED37DC29E6961100150ED4 /* PBXTargetDependency */ = {
			isa = PBXTargetDependency;
			target = 1DED37C329E6960F00150ED4 /* loginbySpotify */;
			targetProxy = 1DED37DB29E6961100150ED4 /* PBXContainerItemProxy */;
		};
		1DED37E629E6961100150ED4 /* PBXTargetDependency */ = {
			isa = PBXTargetDependency;
			target = 1DED37C329E6960F00150ED4 /* loginbySpotify */;
			targetProxy = 1DED37E529E6961100150ED4 /* PBXContainerItemProxy */;
		};
/* End PBXTargetDependency section */

/* Begin PBXVariantGroup section */
		1DED37CD29E6961000150ED4 /* Main.storyboard */ = {
			isa = PBXVariantGroup;
			children = (
				1DED37CE29E6961000150ED4 /* Base */,
			);
			name = Main.storyboard;
			sourceTree = "<group>";
		};
		1DED37D229E6961100150ED4 /* LaunchScreen.storyboard */ = {
			isa = PBXVariantGroup;
			children = (
				1DED37D329E6961100150ED4 /* Base */,
			);
			name = LaunchScreen.storyboard;
			sourceTree = "<group>";
		};
/* End PBXVariantGroup section */

/* Begin XCBuildConfiguration section */
		1DED37EC29E6961100150ED4 /* Debug */ = {
			isa = XCBuildConfiguration;
			buildSettings = {
				ALWAYS_SEARCH_USER_PATHS = NO;
				CLANG_ANALYZER_NONNULL = YES;
				CLANG_ANALYZER_NUMBER_OBJECT_CONVERSION = YES_AGGRESSIVE;
				CLANG_CXX_LANGUAGE_STANDARD = "gnu++20";
				CLANG_ENABLE_MODULES = YES;
				CLANG_ENABLE_OBJC_ARC = YES;
				CLANG_ENABLE_OBJC_WEAK = YES;
				CLANG_WARN_BLOCK_CAPTURE_AUTORELEASING = YES;
				CLANG_WARN_BOOL_CONVERSION = YES;
				CLANG_WARN_COMMA = YES;
				CLANG_WARN_CONSTANT_CONVERSION = YES;
				CLANG_WARN_DEPRECATED_OBJC_IMPLEMENTATIONS = YES;
				CLANG_WARN_DIRECT_OBJC_ISA_USAGE = YES_ERROR;
				CLANG_WARN_DOCUMENTATION_COMMENTS = YES;
				CLANG_WARN_EMPTY_BODY = YES;
				CLANG_WARN_ENUM_CONVERSION = YES;
				CLANG_WARN_INFINITE_RECURSION = YES;
				CLANG_WARN_INT_CONVERSION = YES;
				CLANG_WARN_NON_LITERAL_NULL_CONVERSION = YES;
				CLANG_WARN_OBJC_IMPLICIT_RETAIN_SELF = YES;
				CLANG_WARN_OBJC_LITERAL_CONVERSION = YES;
				CLANG_WARN_OBJC_ROOT_CLASS = YES_ERROR;
				CLANG_WARN_QUOTED_INCLUDE_IN_FRAMEWORK_HEADER = YES;
				CLANG_WARN_RANGE_LOOP_ANALYSIS = YES;
				CLANG_WARN_STRICT_PROTOTYPES = YES;
				CLANG_WARN_SUSPICIOUS_MOVE = YES;
				CLANG_WARN_UNGUARDED_AVAILABILITY = YES_AGGRESSIVE;
				CLANG_WARN_UNREACHABLE_CODE = YES;
				CLANG_WARN__DUPLICATE_METHOD_MATCH = YES;
				COPY_PHASE_STRIP = NO;
				DEBUG_INFORMATION_FORMAT = dwarf;
				ENABLE_STRICT_OBJC_MSGSEND = YES;
				ENABLE_TESTABILITY = YES;
				GCC_C_LANGUAGE_STANDARD = gnu11;
				GCC_DYNAMIC_NO_PIC = NO;
				GCC_NO_COMMON_BLOCKS = YES;
				GCC_OPTIMIZATION_LEVEL = 0;
				GCC_PREPROCESSOR_DEFINITIONS = (
					"DEBUG=1",
					"$(inherited)",
				);
				GCC_WARN_64_TO_32_BIT_CONVERSION = YES;
				GCC_WARN_ABOUT_RETURN_TYPE = YES_ERROR;
				GCC_WARN_UNDECLARED_SELECTOR = YES;
				GCC_WARN_UNINITIALIZED_AUTOS = YES_AGGRESSIVE;
				GCC_WARN_UNUSED_FUNCTION = YES;
				GCC_WARN_UNUSED_VARIABLE = YES;
				IPHONEOS_DEPLOYMENT_TARGET = 16.2;
				MTL_ENABLE_DEBUG_INFO = INCLUDE_SOURCE;
				MTL_FAST_MATH = YES;
				ONLY_ACTIVE_ARCH = YES;
				SDKROOT = iphoneos;
				SWIFT_ACTIVE_COMPILATION_CONDITIONS = DEBUG;
				SWIFT_OPTIMIZATION_LEVEL = "-Onone";
			};
			name = Debug;
		};
		1DED37ED29E6961100150ED4 /* Release */ = {
			isa = XCBuildConfiguration;
			buildSettings = {
				ALWAYS_SEARCH_USER_PATHS = NO;
				CLANG_ANALYZER_NONNULL = YES;
				CLANG_ANALYZER_NUMBER_OBJECT_CONVERSION = YES_AGGRESSIVE;
				CLANG_CXX_LANGUAGE_STANDARD = "gnu++20";
				CLANG_ENABLE_MODULES = YES;
				CLANG_ENABLE_OBJC_ARC = YES;
				CLANG_ENABLE_OBJC_WEAK = YES;
				CLANG_WARN_BLOCK_CAPTURE_AUTORELEASING = YES;
				CLANG_WARN_BOOL_CONVERSION = YES;
				CLANG_WARN_COMMA = YES;
				CLANG_WARN_CONSTANT_CONVERSION = YES;
				CLANG_WARN_DEPRECATED_OBJC_IMPLEMENTATIONS = YES;
				CLANG_WARN_DIRECT_OBJC_ISA_USAGE = YES_ERROR;
				CLANG_WARN_DOCUMENTATION_COMMENTS = YES;
				CLANG_WARN_EMPTY_BODY = YES;
				CLANG_WARN_ENUM_CONVERSION = YES;
				CLANG_WARN_INFINITE_RECURSION = YES;
				CLANG_WARN_INT_CONVERSION = YES;
				CLANG_WARN_NON_LITERAL_NULL_CONVERSION = YES;
				CLANG_WARN_OBJC_IMPLICIT_RETAIN_SELF = YES;
				CLANG_WARN_OBJC_LITERAL_CONVERSION = YES;
				CLANG_WARN_OBJC_ROOT_CLASS = YES_ERROR;
				CLANG_WARN_QUOTED_INCLUDE_IN_FRAMEWORK_HEADER = YES;
				CLANG_WARN_RANGE_LOOP_ANALYSIS = YES;
				CLANG_WARN_STRICT_PROTOTYPES = YES;
				CLANG_WARN_SUSPICIOUS_MOVE = YES;
				CLANG_WARN_UNGUARDED_AVAILABILITY = YES_AGGRESSIVE;
				CLANG_WARN_UNREACHABLE_CODE = YES;
				CLANG_WARN__DUPLICATE_METHOD_MATCH = YES;
				COPY_PHASE_STRIP = NO;
				DEBUG_INFORMATION_FORMAT = "dwarf-with-dsym";
				ENABLE_NS_ASSERTIONS = NO;
				ENABLE_STRICT_OBJC_MSGSEND = YES;
				GCC_C_LANGUAGE_STANDARD = gnu11;
				GCC_NO_COMMON_BLOCKS = YES;
				GCC_WARN_64_TO_32_BIT_CONVERSION = YES;
				GCC_WARN_ABOUT_RETURN_TYPE = YES_ERROR;
				GCC_WARN_UNDECLARED_SELECTOR = YES;
				GCC_WARN_UNINITIALIZED_AUTOS = YES_AGGRESSIVE;
				GCC_WARN_UNUSED_FUNCTION = YES;
				GCC_WARN_UNUSED_VARIABLE = YES;
				IPHONEOS_DEPLOYMENT_TARGET = 16.2;
				MTL_ENABLE_DEBUG_INFO = NO;
				MTL_FAST_MATH = YES;
				SDKROOT = iphoneos;
				SWIFT_COMPILATION_MODE = wholemodule;
				SWIFT_OPTIMIZATION_LEVEL = "-O";
				VALIDATE_PRODUCT = YES;
			};
			name = Release;
		};
		1DED37EF29E6961100150ED4 /* Debug */ = {
			isa = XCBuildConfiguration;
			baseConfigurationReference = 85D8167F07569DAACF647288 /* Pods-loginbySpotify.debug.xcconfig */;
			buildSettings = {
				ASSETCATALOG_COMPILER_APPICON_NAME = AppIcon;
				ASSETCATALOG_COMPILER_GLOBAL_ACCENT_COLOR_NAME = AccentColor;
				CODE_SIGN_STYLE = Automatic;
				CURRENT_PROJECT_VERSION = 1;
				DEVELOPMENT_TEAM = 6763324T69;
				GENERATE_INFOPLIST_FILE = YES;
				INFOPLIST_FILE = loginbySpotify/Info.plist;
				INFOPLIST_KEY_UIApplicationSupportsIndirectInputEvents = YES;
				INFOPLIST_KEY_UILaunchStoryboardName = LaunchScreen;
				INFOPLIST_KEY_UIMainStoryboardFile = Main;
				INFOPLIST_KEY_UISupportedInterfaceOrientations_iPad = "UIInterfaceOrientationPortrait UIInterfaceOrientationPortraitUpsideDown UIInterfaceOrientationLandscapeLeft UIInterfaceOrientationLandscapeRight";
				INFOPLIST_KEY_UISupportedInterfaceOrientations_iPhone = "UIInterfaceOrientationPortrait UIInterfaceOrientationLandscapeLeft UIInterfaceOrientationLandscapeRight";
				LD_RUNPATH_SEARCH_PATHS = (
					"$(inherited)",
					"@executable_path/Frameworks",
				);
				MARKETING_VERSION = 1.0;
				PRODUCT_BUNDLE_IDENTIFIER = Test.loginbySpotify;
				PRODUCT_NAME = "$(TARGET_NAME)";
				SWIFT_EMIT_LOC_STRINGS = YES;
				SWIFT_VERSION = 5.0;
				TARGETED_DEVICE_FAMILY = "1,2";
			};
			name = Debug;
		};
		1DED37F029E6961100150ED4 /* Release */ = {
			isa = XCBuildConfiguration;
			baseConfigurationReference = CE43116AB581A32F1D2644A4 /* Pods-loginbySpotify.release.xcconfig */;
			buildSettings = {
				ASSETCATALOG_COMPILER_APPICON_NAME = AppIcon;
				ASSETCATALOG_COMPILER_GLOBAL_ACCENT_COLOR_NAME = AccentColor;
				CODE_SIGN_STYLE = Automatic;
				CURRENT_PROJECT_VERSION = 1;
				DEVELOPMENT_TEAM = 6763324T69;
				GENERATE_INFOPLIST_FILE = YES;
				INFOPLIST_FILE = loginbySpotify/Info.plist;
				INFOPLIST_KEY_UIApplicationSupportsIndirectInputEvents = YES;
				INFOPLIST_KEY_UILaunchStoryboardName = LaunchScreen;
				INFOPLIST_KEY_UIMainStoryboardFile = Main;
				INFOPLIST_KEY_UISupportedInterfaceOrientations_iPad = "UIInterfaceOrientationPortrait UIInterfaceOrientationPortraitUpsideDown UIInterfaceOrientationLandscapeLeft UIInterfaceOrientationLandscapeRight";
				INFOPLIST_KEY_UISupportedInterfaceOrientations_iPhone = "UIInterfaceOrientationPortrait UIInterfaceOrientationLandscapeLeft UIInterfaceOrientationLandscapeRight";
				LD_RUNPATH_SEARCH_PATHS = (
					"$(inherited)",
					"@executable_path/Frameworks",
				);
				MARKETING_VERSION = 1.0;
				PRODUCT_BUNDLE_IDENTIFIER = Test.loginbySpotify;
				PRODUCT_NAME = "$(TARGET_NAME)";
				SWIFT_EMIT_LOC_STRINGS = YES;
				SWIFT_VERSION = 5.0;
				TARGETED_DEVICE_FAMILY = "1,2";
			};
			name = Release;
		};
		1DED37F229E6961100150ED4 /* Debug */ = {
			isa = XCBuildConfiguration;
			baseConfigurationReference = 2133580B5D83C5C5772E67F7 /* Pods-loginbySpotifyTests.debug.xcconfig */;
			buildSettings = {
				ALWAYS_EMBED_SWIFT_STANDARD_LIBRARIES = YES;
				BUNDLE_LOADER = "$(TEST_HOST)";
				CODE_SIGN_STYLE = Automatic;
				CURRENT_PROJECT_VERSION = 1;
				DEVELOPMENT_TEAM = 6763324T69;
				GENERATE_INFOPLIST_FILE = YES;
				IPHONEOS_DEPLOYMENT_TARGET = 16.2;
				MARKETING_VERSION = 1.0;
				PRODUCT_BUNDLE_IDENTIFIER = Test.loginbySpotifyTests;
				PRODUCT_NAME = "$(TARGET_NAME)";
				SWIFT_EMIT_LOC_STRINGS = NO;
				SWIFT_VERSION = 5.0;
				TARGETED_DEVICE_FAMILY = "1,2";
				TEST_HOST = "$(BUILT_PRODUCTS_DIR)/loginbySpotify.app/$(BUNDLE_EXECUTABLE_FOLDER_PATH)/loginbySpotify";
			};
			name = Debug;
		};
		1DED37F329E6961100150ED4 /* Release */ = {
			isa = XCBuildConfiguration;
			baseConfigurationReference = 8069052B777A13AF1ADB16F3 /* Pods-loginbySpotifyTests.release.xcconfig */;
			buildSettings = {
				ALWAYS_EMBED_SWIFT_STANDARD_LIBRARIES = YES;
				BUNDLE_LOADER = "$(TEST_HOST)";
				CODE_SIGN_STYLE = Automatic;
				CURRENT_PROJECT_VERSION = 1;
				DEVELOPMENT_TEAM = 6763324T69;
				GENERATE_INFOPLIST_FILE = YES;
				IPHONEOS_DEPLOYMENT_TARGET = 16.2;
				MARKETING_VERSION = 1.0;
				PRODUCT_BUNDLE_IDENTIFIER = Test.loginbySpotifyTests;
				PRODUCT_NAME = "$(TARGET_NAME)";
				SWIFT_EMIT_LOC_STRINGS = NO;
				SWIFT_VERSION = 5.0;
				TARGETED_DEVICE_FAMILY = "1,2";
				TEST_HOST = "$(BUILT_PRODUCTS_DIR)/loginbySpotify.app/$(BUNDLE_EXECUTABLE_FOLDER_PATH)/loginbySpotify";
			};
			name = Release;
		};
		1DED37F529E6961100150ED4 /* Debug */ = {
			isa = XCBuildConfiguration;
			baseConfigurationReference = CA0D19F97973227D9E15C7C2 /* Pods-loginbySpotify-loginbySpotifyUITests.debug.xcconfig */;
			buildSettings = {
				ALWAYS_EMBED_SWIFT_STANDARD_LIBRARIES = YES;
				CODE_SIGN_STYLE = Automatic;
				CURRENT_PROJECT_VERSION = 1;
				DEVELOPMENT_TEAM = 6763324T69;
				GENERATE_INFOPLIST_FILE = YES;
				MARKETING_VERSION = 1.0;
				PRODUCT_BUNDLE_IDENTIFIER = Test.loginbySpotifyUITests;
				PRODUCT_NAME = "$(TARGET_NAME)";
				SWIFT_EMIT_LOC_STRINGS = NO;
				SWIFT_VERSION = 5.0;
				TARGETED_DEVICE_FAMILY = "1,2";
				TEST_TARGET_NAME = loginbySpotify;
			};
			name = Debug;
		};
		1DED37F629E6961100150ED4 /* Release */ = {
			isa = XCBuildConfiguration;
			baseConfigurationReference = 6E475CC9CC3FE7414DA71877 /* Pods-loginbySpotify-loginbySpotifyUITests.release.xcconfig */;
			buildSettings = {
				ALWAYS_EMBED_SWIFT_STANDARD_LIBRARIES = YES;
				CODE_SIGN_STYLE = Automatic;
				CURRENT_PROJECT_VERSION = 1;
				DEVELOPMENT_TEAM = 6763324T69;
				GENERATE_INFOPLIST_FILE = YES;
				MARKETING_VERSION = 1.0;
				PRODUCT_BUNDLE_IDENTIFIER = Test.loginbySpotifyUITests;
				PRODUCT_NAME = "$(TARGET_NAME)";
				SWIFT_EMIT_LOC_STRINGS = NO;
				SWIFT_VERSION = 5.0;
				TARGETED_DEVICE_FAMILY = "1,2";
				TEST_TARGET_NAME = loginbySpotify;
			};
			name = Release;
		};
/* End XCBuildConfiguration section */

/* Begin XCConfigurationList section */
		1DED37BF29E6960F00150ED4 /* Build configuration list for PBXProject "loginbySpotify" */ = {
			isa = XCConfigurationList;
			buildConfigurations = (
				1DED37EC29E6961100150ED4 /* Debug */,
				1DED37ED29E6961100150ED4 /* Release */,
			);
			defaultConfigurationIsVisible = 0;
			defaultConfigurationName = Release;
		};
		1DED37EE29E6961100150ED4 /* Build configuration list for PBXNativeTarget "loginbySpotify" */ = {
			isa = XCConfigurationList;
			buildConfigurations = (
				1DED37EF29E6961100150ED4 /* Debug */,
				1DED37F029E6961100150ED4 /* Release */,
			);
			defaultConfigurationIsVisible = 0;
			defaultConfigurationName = Release;
		};
		1DED37F129E6961100150ED4 /* Build configuration list for PBXNativeTarget "loginbySpotifyTests" */ = {
			isa = XCConfigurationList;
			buildConfigurations = (
				1DED37F229E6961100150ED4 /* Debug */,
				1DED37F329E6961100150ED4 /* Release */,
			);
			defaultConfigurationIsVisible = 0;
			defaultConfigurationName = Release;
		};
		1DED37F429E6961100150ED4 /* Build configuration list for PBXNativeTarget "loginbySpotifyUITests" */ = {
			isa = XCConfigurationList;
			buildConfigurations = (
				1DED37F529E6961100150ED4 /* Debug */,
				1DED37F629E6961100150ED4 /* Release */,
			);
			defaultConfigurationIsVisible = 0;
			defaultConfigurationName = Release;
		};
/* End XCConfigurationList section */
	};
	rootObject = 1DED37BC29E6960F00150ED4 /* Project object */;
}
