// !$*UTF8*$!
{
	archiveVersion = 1;
	classes = {
	};
	objectVersion = 56;
	objects = {

/* Begin PBXBuildFile section */
		1D2674982CA02F560036107A /* MainTabbarViewController.swift in Sources */ = {isa = PBXBuildFile; fileRef = 1D2674972CA02F560036107A /* MainTabbarViewController.swift */; };
		1D26749A2CA030A70036107A /* LiveViewController.swift in Sources */ = {isa = PBXBuildFile; fileRef = 1D2674992CA030A70036107A /* LiveViewController.swift */; };
		1D26749C2CA030AF0036107A /* MainViewController.swift in Sources */ = {isa = PBXBuildFile; fileRef = 1D26749B2CA030AF0036107A /* MainViewController.swift */; };
		1D26749E2CA030B70036107A /* MypageViewController.swift in Sources */ = {isa = PBXBuildFile; fileRef = 1D26749D2CA030B70036107A /* MypageViewController.swift */; };
		1D4ABCC02C8DC5380032E563 /* AppDelegate.swift in Sources */ = {isa = PBXBuildFile; fileRef = 1D4ABCBF2C8DC5380032E563 /* AppDelegate.swift */; };
		1D4ABCC22C8DC5380032E563 /* SceneDelegate.swift in Sources */ = {isa = PBXBuildFile; fileRef = 1D4ABCC12C8DC5380032E563 /* SceneDelegate.swift */; };
		1D4ABCC42C8DC5380032E563 /* ViewController.swift in Sources */ = {isa = PBXBuildFile; fileRef = 1D4ABCC32C8DC5380032E563 /* ViewController.swift */; };
		1D4ABCC92C8DC5390032E563 /* Assets.xcassets in Resources */ = {isa = PBXBuildFile; fileRef = 1D4ABCC82C8DC5390032E563 /* Assets.xcassets */; };
		1D4ABCCC2C8DC5390032E563 /* LaunchScreen.storyboard in Resources */ = {isa = PBXBuildFile; fileRef = 1D4ABCCA2C8DC5390032E563 /* LaunchScreen.storyboard */; };
		1D4ABCD72C8DC5390032E563 /* KTVTests.swift in Sources */ = {isa = PBXBuildFile; fileRef = 1D4ABCD62C8DC5390032E563 /* KTVTests.swift */; };
		1D4ABCE12C8DC5390032E563 /* KTVUITests.swift in Sources */ = {isa = PBXBuildFile; fileRef = 1D4ABCE02C8DC5390032E563 /* KTVUITests.swift */; };
		1D4ABCE32C8DC5390032E563 /* KTVUITestsLaunchTests.swift in Sources */ = {isa = PBXBuildFile; fileRef = 1D4ABCE22C8DC5390032E563 /* KTVUITestsLaunchTests.swift */; };
		1D7EC4AA2C90480B005E003B /* Colors.xcassets in Resources */ = {isa = PBXBuildFile; fileRef = 1D7EC4A92C90480B005E003B /* Colors.xcassets */; };
		1D7EC4AC2C904AC2005E003B /* LoginView.swift in Sources */ = {isa = PBXBuildFile; fileRef = 1D7EC4AB2C904AC2005E003B /* LoginView.swift */; };
		1D7EC4AE2C904ACE005E003B /* LoginViewController.swift in Sources */ = {isa = PBXBuildFile; fileRef = 1D7EC4AD2C904ACE005E003B /* LoginViewController.swift */; };
		1DAE231F2D00594400578370 /* HomeView.swift in Sources */ = {isa = PBXBuildFile; fileRef = 1DAE231E2D00594400578370 /* HomeView.swift */; };
		1DAE23212D00594B00578370 /* HomeViewController.swift in Sources */ = {isa = PBXBuildFile; fileRef = 1DAE23202D00594B00578370 /* HomeViewController.swift */; };
		1DAE23232D0068A800578370 /* HomeViewCell.swift in Sources */ = {isa = PBXBuildFile; fileRef = 1DAE23222D0068A800578370 /* HomeViewCell.swift */; };
		1DAE23252D01AE3100578370 /* HomeSection.swift in Sources */ = {isa = PBXBuildFile; fileRef = 1DAE23242D01AE3100578370 /* HomeSection.swift */; };
/* End PBXBuildFile section */

/* Begin PBXContainerItemProxy section */
		1D4ABCD32C8DC5390032E563 /* PBXContainerItemProxy */ = {
			isa = PBXContainerItemProxy;
			containerPortal = 1D4ABCB42C8DC5380032E563 /* Project object */;
			proxyType = 1;
			remoteGlobalIDString = 1D4ABCBB2C8DC5380032E563;
			remoteInfo = KTV;
		};
		1D4ABCDD2C8DC5390032E563 /* PBXContainerItemProxy */ = {
			isa = PBXContainerItemProxy;
			containerPortal = 1D4ABCB42C8DC5380032E563 /* Project object */;
			proxyType = 1;
			remoteGlobalIDString = 1D4ABCBB2C8DC5380032E563;
			remoteInfo = KTV;
		};
/* End PBXContainerItemProxy section */

/* Begin PBXFileReference section */
		1D2674972CA02F560036107A /* MainTabbarViewController.swift */ = {isa = PBXFileReference; lastKnownFileType = sourcecode.swift; path = MainTabbarViewController.swift; sourceTree = "<group>"; };
		1D2674992CA030A70036107A /* LiveViewController.swift */ = {isa = PBXFileReference; lastKnownFileType = sourcecode.swift; path = LiveViewController.swift; sourceTree = "<group>"; };
		1D26749B2CA030AF0036107A /* MainViewController.swift */ = {isa = PBXFileReference; lastKnownFileType = sourcecode.swift; path = MainViewController.swift; sourceTree = "<group>"; };
		1D26749D2CA030B70036107A /* MypageViewController.swift */ = {isa = PBXFileReference; lastKnownFileType = sourcecode.swift; path = MypageViewController.swift; sourceTree = "<group>"; };
		1D4ABCBC2C8DC5380032E563 /* KTV.app */ = {isa = PBXFileReference; explicitFileType = wrapper.application; includeInIndex = 0; path = KTV.app; sourceTree = BUILT_PRODUCTS_DIR; };
		1D4ABCBF2C8DC5380032E563 /* AppDelegate.swift */ = {isa = PBXFileReference; lastKnownFileType = sourcecode.swift; path = AppDelegate.swift; sourceTree = "<group>"; };
		1D4ABCC12C8DC5380032E563 /* SceneDelegate.swift */ = {isa = PBXFileReference; lastKnownFileType = sourcecode.swift; path = SceneDelegate.swift; sourceTree = "<group>"; };
		1D4ABCC32C8DC5380032E563 /* ViewController.swift */ = {isa = PBXFileReference; lastKnownFileType = sourcecode.swift; path = ViewController.swift; sourceTree = "<group>"; };
		1D4ABCC82C8DC5390032E563 /* Assets.xcassets */ = {isa = PBXFileReference; lastKnownFileType = folder.assetcatalog; path = Assets.xcassets; sourceTree = "<group>"; };
		1D4ABCCB2C8DC5390032E563 /* Base */ = {isa = PBXFileReference; lastKnownFileType = file.storyboard; name = Base; path = Base.lproj/LaunchScreen.storyboard; sourceTree = "<group>"; };
		1D4ABCCD2C8DC5390032E563 /* Info.plist */ = {isa = PBXFileReference; lastKnownFileType = text.plist.xml; path = Info.plist; sourceTree = "<group>"; };
		1D4ABCD22C8DC5390032E563 /* KTVTests.xctest */ = {isa = PBXFileReference; explicitFileType = wrapper.cfbundle; includeInIndex = 0; path = KTVTests.xctest; sourceTree = BUILT_PRODUCTS_DIR; };
		1D4ABCD62C8DC5390032E563 /* KTVTests.swift */ = {isa = PBXFileReference; lastKnownFileType = sourcecode.swift; path = KTVTests.swift; sourceTree = "<group>"; };
		1D4ABCDC2C8DC5390032E563 /* KTVUITests.xctest */ = {isa = PBXFileReference; explicitFileType = wrapper.cfbundle; includeInIndex = 0; path = KTVUITests.xctest; sourceTree = BUILT_PRODUCTS_DIR; };
		1D4ABCE02C8DC5390032E563 /* KTVUITests.swift */ = {isa = PBXFileReference; lastKnownFileType = sourcecode.swift; path = KTVUITests.swift; sourceTree = "<group>"; };
		1D4ABCE22C8DC5390032E563 /* KTVUITestsLaunchTests.swift */ = {isa = PBXFileReference; lastKnownFileType = sourcecode.swift; path = KTVUITestsLaunchTests.swift; sourceTree = "<group>"; };
		1D7EC4A92C90480B005E003B /* Colors.xcassets */ = {isa = PBXFileReference; lastKnownFileType = folder.assetcatalog; path = Colors.xcassets; sourceTree = "<group>"; };
		1D7EC4AB2C904AC2005E003B /* LoginView.swift */ = {isa = PBXFileReference; lastKnownFileType = sourcecode.swift; path = LoginView.swift; sourceTree = "<group>"; };
		1D7EC4AD2C904ACE005E003B /* LoginViewController.swift */ = {isa = PBXFileReference; lastKnownFileType = sourcecode.swift; path = LoginViewController.swift; sourceTree = "<group>"; };
		1DAE231E2D00594400578370 /* HomeView.swift */ = {isa = PBXFileReference; lastKnownFileType = sourcecode.swift; path = HomeView.swift; sourceTree = "<group>"; };
		1DAE23202D00594B00578370 /* HomeViewController.swift */ = {isa = PBXFileReference; lastKnownFileType = sourcecode.swift; path = HomeViewController.swift; sourceTree = "<group>"; };
		1DAE23222D0068A800578370 /* HomeViewCell.swift */ = {isa = PBXFileReference; lastKnownFileType = sourcecode.swift; path = HomeViewCell.swift; sourceTree = "<group>"; };
		1DAE23242D01AE3100578370 /* HomeSection.swift */ = {isa = PBXFileReference; lastKnownFileType = sourcecode.swift; path = HomeSection.swift; sourceTree = "<group>"; };
/* End PBXFileReference section */

/* Begin PBXFrameworksBuildPhase section */
		1D4ABCB92C8DC5380032E563 /* Frameworks */ = {
			isa = PBXFrameworksBuildPhase;
			buildActionMask = 2147483647;
			files = (
			);
			runOnlyForDeploymentPostprocessing = 0;
		};
		1D4ABCCF2C8DC5390032E563 /* Frameworks */ = {
			isa = PBXFrameworksBuildPhase;
			buildActionMask = 2147483647;
			files = (
			);
			runOnlyForDeploymentPostprocessing = 0;
		};
		1D4ABCD92C8DC5390032E563 /* Frameworks */ = {
			isa = PBXFrameworksBuildPhase;
			buildActionMask = 2147483647;
			files = (
			);
			runOnlyForDeploymentPostprocessing = 0;
		};
/* End PBXFrameworksBuildPhase section */

/* Begin PBXGroup section */
		1D4ABCB32C8DC5380032E563 = {
			isa = PBXGroup;
			children = (
				1D4ABCBE2C8DC5380032E563 /* KTV */,
				1D4ABCD52C8DC5390032E563 /* KTVTests */,
				1D4ABCDF2C8DC5390032E563 /* KTVUITests */,
				1D4ABCBD2C8DC5380032E563 /* Products */,
			);
			sourceTree = "<group>";
		};
		1D4ABCBD2C8DC5380032E563 /* Products */ = {
			isa = PBXGroup;
			children = (
				1D4ABCBC2C8DC5380032E563 /* KTV.app */,
				1D4ABCD22C8DC5390032E563 /* KTVTests.xctest */,
				1D4ABCDC2C8DC5390032E563 /* KTVUITests.xctest */,
			);
			name = Products;
			sourceTree = "<group>";
		};
		1D4ABCBE2C8DC5380032E563 /* KTV */ = {
			isa = PBXGroup;
			children = (
				1DF97D342CA046F600386B3C /* Home */,
				1DF97D332CA046E600386B3C /* Login */,
				1D4ABCBF2C8DC5380032E563 /* AppDelegate.swift */,
				1D4ABCC12C8DC5380032E563 /* SceneDelegate.swift */,
				1D4ABCC32C8DC5380032E563 /* ViewController.swift */,
				1D4ABCC82C8DC5390032E563 /* Assets.xcassets */,
				1D4ABCCA2C8DC5390032E563 /* LaunchScreen.storyboard */,
				1D4ABCCD2C8DC5390032E563 /* Info.plist */,
				1D7EC4A92C90480B005E003B /* Colors.xcassets */,
				1D2674992CA030A70036107A /* LiveViewController.swift */,
				1D26749B2CA030AF0036107A /* MainViewController.swift */,
				1D26749D2CA030B70036107A /* MypageViewController.swift */,
			);
			path = KTV;
			sourceTree = "<group>";
		};
		1D4ABCD52C8DC5390032E563 /* KTVTests */ = {
			isa = PBXGroup;
			children = (
				1D4ABCD62C8DC5390032E563 /* KTVTests.swift */,
			);
			path = KTVTests;
			sourceTree = "<group>";
		};
		1D4ABCDF2C8DC5390032E563 /* KTVUITests */ = {
			isa = PBXGroup;
			children = (
				1D4ABCE02C8DC5390032E563 /* KTVUITests.swift */,
				1D4ABCE22C8DC5390032E563 /* KTVUITestsLaunchTests.swift */,
			);
			path = KTVUITests;
			sourceTree = "<group>";
		};
		1DF97D332CA046E600386B3C /* Login */ = {
			isa = PBXGroup;
			children = (
				1D7EC4AB2C904AC2005E003B /* LoginView.swift */,
				1D7EC4AD2C904ACE005E003B /* LoginViewController.swift */,
			);
			path = Login;
			sourceTree = "<group>";
		};
		1DF97D342CA046F600386B3C /* Home */ = {
			isa = PBXGroup;
			children = (
				1D2674972CA02F560036107A /* MainTabbarViewController.swift */,
				1DAE231E2D00594400578370 /* HomeView.swift */,
				1DAE23202D00594B00578370 /* HomeViewController.swift */,
				1DAE23222D0068A800578370 /* HomeViewCell.swift */,
				1DAE23242D01AE3100578370 /* HomeSection.swift */,
			);
			path = Home;
			sourceTree = "<group>";
		};
/* End PBXGroup section */

/* Begin PBXNativeTarget section */
		1D4ABCBB2C8DC5380032E563 /* KTV */ = {
			isa = PBXNativeTarget;
			buildConfigurationList = 1D4ABCE62C8DC5390032E563 /* Build configuration list for PBXNativeTarget "KTV" */;
			buildPhases = (
				1D4ABCB82C8DC5380032E563 /* Sources */,
				1D4ABCB92C8DC5380032E563 /* Frameworks */,
				1D4ABCBA2C8DC5380032E563 /* Resources */,
			);
			buildRules = (
			);
			dependencies = (
			);
			name = KTV;
			productName = KTV;
			productReference = 1D4ABCBC2C8DC5380032E563 /* KTV.app */;
			productType = "com.apple.product-type.application";
		};
		1D4ABCD12C8DC5390032E563 /* KTVTests */ = {
			isa = PBXNativeTarget;
			buildConfigurationList = 1D4ABCE92C8DC5390032E563 /* Build configuration list for PBXNativeTarget "KTVTests" */;
			buildPhases = (
				1D4ABCCE2C8DC5390032E563 /* Sources */,
				1D4ABCCF2C8DC5390032E563 /* Frameworks */,
				1D4ABCD02C8DC5390032E563 /* Resources */,
			);
			buildRules = (
			);
			dependencies = (
				1D4ABCD42C8DC5390032E563 /* PBXTargetDependency */,
			);
			name = KTVTests;
			productName = KTVTests;
			productReference = 1D4ABCD22C8DC5390032E563 /* KTVTests.xctest */;
			productType = "com.apple.product-type.bundle.unit-test";
		};
		1D4ABCDB2C8DC5390032E563 /* KTVUITests */ = {
			isa = PBXNativeTarget;
			buildConfigurationList = 1D4ABCEC2C8DC5390032E563 /* Build configuration list for PBXNativeTarget "KTVUITests" */;
			buildPhases = (
				1D4ABCD82C8DC5390032E563 /* Sources */,
				1D4ABCD92C8DC5390032E563 /* Frameworks */,
				1D4ABCDA2C8DC5390032E563 /* Resources */,
			);
			buildRules = (
			);
			dependencies = (
				1D4ABCDE2C8DC5390032E563 /* PBXTargetDependency */,
			);
			name = KTVUITests;
			productName = KTVUITests;
			productReference = 1D4ABCDC2C8DC5390032E563 /* KTVUITests.xctest */;
			productType = "com.apple.product-type.bundle.ui-testing";
		};
/* End PBXNativeTarget section */

/* Begin PBXProject section */
		1D4ABCB42C8DC5380032E563 /* Project object */ = {
			isa = PBXProject;
			attributes = {
				BuildIndependentTargetsInParallel = 1;
				LastSwiftUpdateCheck = 1500;
				LastUpgradeCheck = 1500;
				TargetAttributes = {
					1D4ABCBB2C8DC5380032E563 = {
						CreatedOnToolsVersion = 15.0;
					};
					1D4ABCD12C8DC5390032E563 = {
						CreatedOnToolsVersion = 15.0;
						TestTargetID = 1D4ABCBB2C8DC5380032E563;
					};
					1D4ABCDB2C8DC5390032E563 = {
						CreatedOnToolsVersion = 15.0;
						TestTargetID = 1D4ABCBB2C8DC5380032E563;
					};
				};
			};
			buildConfigurationList = 1D4ABCB72C8DC5380032E563 /* Build configuration list for PBXProject "KTV" */;
			compatibilityVersion = "Xcode 14.0";
			developmentRegion = en;
			hasScannedForEncodings = 0;
			knownRegions = (
				en,
				Base,
			);
			mainGroup = 1D4ABCB32C8DC5380032E563;
			productRefGroup = 1D4ABCBD2C8DC5380032E563 /* Products */;
			projectDirPath = "";
			projectRoot = "";
			targets = (
				1D4ABCBB2C8DC5380032E563 /* KTV */,
				1D4ABCD12C8DC5390032E563 /* KTVTests */,
				1D4ABCDB2C8DC5390032E563 /* KTVUITests */,
			);
		};
/* End PBXProject section */

/* Begin PBXResourcesBuildPhase section */
		1D4ABCBA2C8DC5380032E563 /* Resources */ = {
			isa = PBXResourcesBuildPhase;
			buildActionMask = 2147483647;
			files = (
				1D7EC4AA2C90480B005E003B /* Colors.xcassets in Resources */,
				1D4ABCCC2C8DC5390032E563 /* LaunchScreen.storyboard in Resources */,
				1D4ABCC92C8DC5390032E563 /* Assets.xcassets in Resources */,
			);
			runOnlyForDeploymentPostprocessing = 0;
		};
		1D4ABCD02C8DC5390032E563 /* Resources */ = {
			isa = PBXResourcesBuildPhase;
			buildActionMask = 2147483647;
			files = (
			);
			runOnlyForDeploymentPostprocessing = 0;
		};
		1D4ABCDA2C8DC5390032E563 /* Resources */ = {
			isa = PBXResourcesBuildPhase;
			buildActionMask = 2147483647;
			files = (
			);
			runOnlyForDeploymentPostprocessing = 0;
		};
/* End PBXResourcesBuildPhase section */

/* Begin PBXSourcesBuildPhase section */
		1D4ABCB82C8DC5380032E563 /* Sources */ = {
			isa = PBXSourcesBuildPhase;
			buildActionMask = 2147483647;
			files = (
				1DAE23252D01AE3100578370 /* HomeSection.swift in Sources */,
				1D26749E2CA030B70036107A /* MypageViewController.swift in Sources */,
				1D4ABCC42C8DC5380032E563 /* ViewController.swift in Sources */,
				1D4ABCC02C8DC5380032E563 /* AppDelegate.swift in Sources */,
				1D26749A2CA030A70036107A /* LiveViewController.swift in Sources */,
				1D7EC4AC2C904AC2005E003B /* LoginView.swift in Sources */,
				1DAE231F2D00594400578370 /* HomeView.swift in Sources */,
				1D2674982CA02F560036107A /* MainTabbarViewController.swift in Sources */,
				1D7EC4AE2C904ACE005E003B /* LoginViewController.swift in Sources */,
				1DAE23232D0068A800578370 /* HomeViewCell.swift in Sources */,
				1D4ABCC22C8DC5380032E563 /* SceneDelegate.swift in Sources */,
				1D26749C2CA030AF0036107A /* MainViewController.swift in Sources */,
				1DAE23212D00594B00578370 /* HomeViewController.swift in Sources */,
			);
			runOnlyForDeploymentPostprocessing = 0;
		};
		1D4ABCCE2C8DC5390032E563 /* Sources */ = {
			isa = PBXSourcesBuildPhase;
			buildActionMask = 2147483647;
			files = (
				1D4ABCD72C8DC5390032E563 /* KTVTests.swift in Sources */,
			);
			runOnlyForDeploymentPostprocessing = 0;
		};
		1D4ABCD82C8DC5390032E563 /* Sources */ = {
			isa = PBXSourcesBuildPhase;
			buildActionMask = 2147483647;
			files = (
				1D4ABCE32C8DC5390032E563 /* KTVUITestsLaunchTests.swift in Sources */,
				1D4ABCE12C8DC5390032E563 /* KTVUITests.swift in Sources */,
			);
			runOnlyForDeploymentPostprocessing = 0;
		};
/* End PBXSourcesBuildPhase section */

/* Begin PBXTargetDependency section */
		1D4ABCD42C8DC5390032E563 /* PBXTargetDependency */ = {
			isa = PBXTargetDependency;
			target = 1D4ABCBB2C8DC5380032E563 /* KTV */;
			targetProxy = 1D4ABCD32C8DC5390032E563 /* PBXContainerItemProxy */;
		};
		1D4ABCDE2C8DC5390032E563 /* PBXTargetDependency */ = {
			isa = PBXTargetDependency;
			target = 1D4ABCBB2C8DC5380032E563 /* KTV */;
			targetProxy = 1D4ABCDD2C8DC5390032E563 /* PBXContainerItemProxy */;
		};
/* End PBXTargetDependency section */

/* Begin PBXVariantGroup section */
		1D4ABCCA2C8DC5390032E563 /* LaunchScreen.storyboard */ = {
			isa = PBXVariantGroup;
			children = (
				1D4ABCCB2C8DC5390032E563 /* Base */,
			);
			name = LaunchScreen.storyboard;
			sourceTree = "<group>";
		};
/* End PBXVariantGroup section */

/* Begin XCBuildConfiguration section */
		1D4ABCE42C8DC5390032E563 /* Debug */ = {
			isa = XCBuildConfiguration;
			buildSettings = {
				ALWAYS_SEARCH_USER_PATHS = NO;
				ASSETCATALOG_COMPILER_GENERATE_SWIFT_ASSET_SYMBOL_EXTENSIONS = YES;
				CLANG_ANALYZER_NONNULL = YES;
				CLANG_ANALYZER_NUMBER_OBJECT_CONVERSION = YES_AGGRESSIVE;
				CLANG_CXX_LANGUAGE_STANDARD = "gnu++20";
				CLANG_ENABLE_MODULES = YES;
				CLANG_ENABLE_OBJC_ARC = YES;
				CLANG_ENABLE_OBJC_WEAK = YES;
				CLANG_WARN_BLOCK_CAPTURE_AUTORELEASING = YES;
				CLANG_WARN_BOOL_CONVERSION = YES;
				CLANG_WARN_COMMA = YES;
				CLANG_WARN_CONSTANT_CONVERSION = YES;
				CLANG_WARN_DEPRECATED_OBJC_IMPLEMENTATIONS = YES;
				CLANG_WARN_DIRECT_OBJC_ISA_USAGE = YES_ERROR;
				CLANG_WARN_DOCUMENTATION_COMMENTS = YES;
				CLANG_WARN_EMPTY_BODY = YES;
				CLANG_WARN_ENUM_CONVERSION = YES;
				CLANG_WARN_INFINITE_RECURSION = YES;
				CLANG_WARN_INT_CONVERSION = YES;
				CLANG_WARN_NON_LITERAL_NULL_CONVERSION = YES;
				CLANG_WARN_OBJC_IMPLICIT_RETAIN_SELF = YES;
				CLANG_WARN_OBJC_LITERAL_CONVERSION = YES;
				CLANG_WARN_OBJC_ROOT_CLASS = YES_ERROR;
				CLANG_WARN_QUOTED_INCLUDE_IN_FRAMEWORK_HEADER = YES;
				CLANG_WARN_RANGE_LOOP_ANALYSIS = YES;
				CLANG_WARN_STRICT_PROTOTYPES = YES;
				CLANG_WARN_SUSPICIOUS_MOVE = YES;
				CLANG_WARN_UNGUARDED_AVAILABILITY = YES_AGGRESSIVE;
				CLANG_WARN_UNREACHABLE_CODE = YES;
				CLANG_WARN__DUPLICATE_METHOD_MATCH = YES;
				COPY_PHASE_STRIP = NO;
				DEBUG_INFORMATION_FORMAT = dwarf;
				ENABLE_STRICT_OBJC_MSGSEND = YES;
				ENABLE_TESTABILITY = YES;
				ENABLE_USER_SCRIPT_SANDBOXING = YES;
				GCC_C_LANGUAGE_STANDARD = gnu17;
				GCC_DYNAMIC_NO_PIC = NO;
				GCC_NO_COMMON_BLOCKS = YES;
				GCC_OPTIMIZATION_LEVEL = 0;
				GCC_PREPROCESSOR_DEFINITIONS = (
					"DEBUG=1",
					"$(inherited)",
				);
				GCC_WARN_64_TO_32_BIT_CONVERSION = YES;
				GCC_WARN_ABOUT_RETURN_TYPE = YES_ERROR;
				GCC_WARN_UNDECLARED_SELECTOR = YES;
				GCC_WARN_UNINITIALIZED_AUTOS = YES_AGGRESSIVE;
				GCC_WARN_UNUSED_FUNCTION = YES;
				GCC_WARN_UNUSED_VARIABLE = YES;
				IPHONEOS_DEPLOYMENT_TARGET = 17.0;
				LOCALIZATION_PREFERS_STRING_CATALOGS = YES;
				MTL_ENABLE_DEBUG_INFO = INCLUDE_SOURCE;
				MTL_FAST_MATH = YES;
				ONLY_ACTIVE_ARCH = YES;
				SDKROOT = iphoneos;
				SWIFT_ACTIVE_COMPILATION_CONDITIONS = "DEBUG $(inherited)";
				SWIFT_OPTIMIZATION_LEVEL = "-Onone";
			};
			name = Debug;
		};
		1D4ABCE52C8DC5390032E563 /* Release */ = {
			isa = XCBuildConfiguration;
			buildSettings = {
				ALWAYS_SEARCH_USER_PATHS = NO;
				ASSETCATALOG_COMPILER_GENERATE_SWIFT_ASSET_SYMBOL_EXTENSIONS = YES;
				CLANG_ANALYZER_NONNULL = YES;
				CLANG_ANALYZER_NUMBER_OBJECT_CONVERSION = YES_AGGRESSIVE;
				CLANG_CXX_LANGUAGE_STANDARD = "gnu++20";
				CLANG_ENABLE_MODULES = YES;
				CLANG_ENABLE_OBJC_ARC = YES;
				CLANG_ENABLE_OBJC_WEAK = YES;
				CLANG_WARN_BLOCK_CAPTURE_AUTORELEASING = YES;
				CLANG_WARN_BOOL_CONVERSION = YES;
				CLANG_WARN_COMMA = YES;
				CLANG_WARN_CONSTANT_CONVERSION = YES;
				CLANG_WARN_DEPRECATED_OBJC_IMPLEMENTATIONS = YES;
				CLANG_WARN_DIRECT_OBJC_ISA_USAGE = YES_ERROR;
				CLANG_WARN_DOCUMENTATION_COMMENTS = YES;
				CLANG_WARN_EMPTY_BODY = YES;
				CLANG_WARN_ENUM_CONVERSION = YES;
				CLANG_WARN_INFINITE_RECURSION = YES;
				CLANG_WARN_INT_CONVERSION = YES;
				CLANG_WARN_NON_LITERAL_NULL_CONVERSION = YES;
				CLANG_WARN_OBJC_IMPLICIT_RETAIN_SELF = YES;
				CLANG_WARN_OBJC_LITERAL_CONVERSION = YES;
				CLANG_WARN_OBJC_ROOT_CLASS = YES_ERROR;
				CLANG_WARN_QUOTED_INCLUDE_IN_FRAMEWORK_HEADER = YES;
				CLANG_WARN_RANGE_LOOP_ANALYSIS = YES;
				CLANG_WARN_STRICT_PROTOTYPES = YES;
				CLANG_WARN_SUSPICIOUS_MOVE = YES;
				CLANG_WARN_UNGUARDED_AVAILABILITY = YES_AGGRESSIVE;
				CLANG_WARN_UNREACHABLE_CODE = YES;
				CLANG_WARN__DUPLICATE_METHOD_MATCH = YES;
				COPY_PHASE_STRIP = NO;
				DEBUG_INFORMATION_FORMAT = "dwarf-with-dsym";
				ENABLE_NS_ASSERTIONS = NO;
				ENABLE_STRICT_OBJC_MSGSEND = YES;
				ENABLE_USER_SCRIPT_SANDBOXING = YES;
				GCC_C_LANGUAGE_STANDARD = gnu17;
				GCC_NO_COMMON_BLOCKS = YES;
				GCC_WARN_64_TO_32_BIT_CONVERSION = YES;
				GCC_WARN_ABOUT_RETURN_TYPE = YES_ERROR;
				GCC_WARN_UNDECLARED_SELECTOR = YES;
				GCC_WARN_UNINITIALIZED_AUTOS = YES_AGGRESSIVE;
				GCC_WARN_UNUSED_FUNCTION = YES;
				GCC_WARN_UNUSED_VARIABLE = YES;
				IPHONEOS_DEPLOYMENT_TARGET = 17.0;
				LOCALIZATION_PREFERS_STRING_CATALOGS = YES;
				MTL_ENABLE_DEBUG_INFO = NO;
				MTL_FAST_MATH = YES;
				SDKROOT = iphoneos;
				SWIFT_COMPILATION_MODE = wholemodule;
				VALIDATE_PRODUCT = YES;
			};
			name = Release;
		};
		1D4ABCE72C8DC5390032E563 /* Debug */ = {
			isa = XCBuildConfiguration;
			buildSettings = {
				ASSETCATALOG_COMPILER_APPICON_NAME = AppIcon;
				ASSETCATALOG_COMPILER_GLOBAL_ACCENT_COLOR_NAME = AccentColor;
				CODE_SIGN_STYLE = Automatic;
				CURRENT_PROJECT_VERSION = 1;
				DEVELOPMENT_TEAM = 6763324T69;
				GENERATE_INFOPLIST_FILE = YES;
				INFOPLIST_FILE = KTV/Info.plist;
				INFOPLIST_KEY_UIApplicationSupportsIndirectInputEvents = YES;
				INFOPLIST_KEY_UILaunchStoryboardName = LaunchScreen;
				INFOPLIST_KEY_UISupportedInterfaceOrientations_iPad = "UIInterfaceOrientationPortrait UIInterfaceOrientationPortraitUpsideDown UIInterfaceOrientationLandscapeLeft UIInterfaceOrientationLandscapeRight";
				INFOPLIST_KEY_UISupportedInterfaceOrientations_iPhone = "UIInterfaceOrientationPortrait UIInterfaceOrientationLandscapeLeft UIInterfaceOrientationLandscapeRight";
				LD_RUNPATH_SEARCH_PATHS = (
					"$(inherited)",
					"@executable_path/Frameworks",
				);
				MARKETING_VERSION = 1.0;
				PRODUCT_BUNDLE_IDENTIFIER = GeonH0.KTV;
				PRODUCT_NAME = "$(TARGET_NAME)";
				SWIFT_EMIT_LOC_STRINGS = YES;
				SWIFT_VERSION = 5.0;
				TARGETED_DEVICE_FAMILY = "1,2";
			};
			name = Debug;
		};
		1D4ABCE82C8DC5390032E563 /* Release */ = {
			isa = XCBuildConfiguration;
			buildSettings = {
				ASSETCATALOG_COMPILER_APPICON_NAME = AppIcon;
				ASSETCATALOG_COMPILER_GLOBAL_ACCENT_COLOR_NAME = AccentColor;
				CODE_SIGN_STYLE = Automatic;
				CURRENT_PROJECT_VERSION = 1;
				DEVELOPMENT_TEAM = 6763324T69;
				GENERATE_INFOPLIST_FILE = YES;
				INFOPLIST_FILE = KTV/Info.plist;
				INFOPLIST_KEY_UIApplicationSupportsIndirectInputEvents = YES;
				INFOPLIST_KEY_UILaunchStoryboardName = LaunchScreen;
				INFOPLIST_KEY_UISupportedInterfaceOrientations_iPad = "UIInterfaceOrientationPortrait UIInterfaceOrientationPortraitUpsideDown UIInterfaceOrientationLandscapeLeft UIInterfaceOrientationLandscapeRight";
				INFOPLIST_KEY_UISupportedInterfaceOrientations_iPhone = "UIInterfaceOrientationPortrait UIInterfaceOrientationLandscapeLeft UIInterfaceOrientationLandscapeRight";
				LD_RUNPATH_SEARCH_PATHS = (
					"$(inherited)",
					"@executable_path/Frameworks",
				);
				MARKETING_VERSION = 1.0;
				PRODUCT_BUNDLE_IDENTIFIER = GeonH0.KTV;
				PRODUCT_NAME = "$(TARGET_NAME)";
				SWIFT_EMIT_LOC_STRINGS = YES;
				SWIFT_VERSION = 5.0;
				TARGETED_DEVICE_FAMILY = "1,2";
			};
			name = Release;
		};
		1D4ABCEA2C8DC5390032E563 /* Debug */ = {
			isa = XCBuildConfiguration;
			buildSettings = {
				ALWAYS_EMBED_SWIFT_STANDARD_LIBRARIES = YES;
				BUNDLE_LOADER = "$(TEST_HOST)";
				CODE_SIGN_STYLE = Automatic;
				CURRENT_PROJECT_VERSION = 1;
				DEVELOPMENT_TEAM = 6763324T69;
				GENERATE_INFOPLIST_FILE = YES;
				IPHONEOS_DEPLOYMENT_TARGET = 17.0;
				MARKETING_VERSION = 1.0;
				PRODUCT_BUNDLE_IDENTIFIER = GeonH0.KTVTests;
				PRODUCT_NAME = "$(TARGET_NAME)";
				SWIFT_EMIT_LOC_STRINGS = NO;
				SWIFT_VERSION = 5.0;
				TARGETED_DEVICE_FAMILY = "1,2";
				TEST_HOST = "$(BUILT_PRODUCTS_DIR)/KTV.app/$(BUNDLE_EXECUTABLE_FOLDER_PATH)/KTV";
			};
			name = Debug;
		};
		1D4ABCEB2C8DC5390032E563 /* Release */ = {
			isa = XCBuildConfiguration;
			buildSettings = {
				ALWAYS_EMBED_SWIFT_STANDARD_LIBRARIES = YES;
				BUNDLE_LOADER = "$(TEST_HOST)";
				CODE_SIGN_STYLE = Automatic;
				CURRENT_PROJECT_VERSION = 1;
				DEVELOPMENT_TEAM = 6763324T69;
				GENERATE_INFOPLIST_FILE = YES;
				IPHONEOS_DEPLOYMENT_TARGET = 17.0;
				MARKETING_VERSION = 1.0;
				PRODUCT_BUNDLE_IDENTIFIER = GeonH0.KTVTests;
				PRODUCT_NAME = "$(TARGET_NAME)";
				SWIFT_EMIT_LOC_STRINGS = NO;
				SWIFT_VERSION = 5.0;
				TARGETED_DEVICE_FAMILY = "1,2";
				TEST_HOST = "$(BUILT_PRODUCTS_DIR)/KTV.app/$(BUNDLE_EXECUTABLE_FOLDER_PATH)/KTV";
			};
			name = Release;
		};
		1D4ABCED2C8DC5390032E563 /* Debug */ = {
			isa = XCBuildConfiguration;
			buildSettings = {
				ALWAYS_EMBED_SWIFT_STANDARD_LIBRARIES = YES;
				CODE_SIGN_STYLE = Automatic;
				CURRENT_PROJECT_VERSION = 1;
				DEVELOPMENT_TEAM = 6763324T69;
				GENERATE_INFOPLIST_FILE = YES;
				MARKETING_VERSION = 1.0;
				PRODUCT_BUNDLE_IDENTIFIER = GeonH0.KTVUITests;
				PRODUCT_NAME = "$(TARGET_NAME)";
				SWIFT_EMIT_LOC_STRINGS = NO;
				SWIFT_VERSION = 5.0;
				TARGETED_DEVICE_FAMILY = "1,2";
				TEST_TARGET_NAME = KTV;
			};
			name = Debug;
		};
		1D4ABCEE2C8DC5390032E563 /* Release */ = {
			isa = XCBuildConfiguration;
			buildSettings = {
				ALWAYS_EMBED_SWIFT_STANDARD_LIBRARIES = YES;
				CODE_SIGN_STYLE = Automatic;
				CURRENT_PROJECT_VERSION = 1;
				DEVELOPMENT_TEAM = 6763324T69;
				GENERATE_INFOPLIST_FILE = YES;
				MARKETING_VERSION = 1.0;
				PRODUCT_BUNDLE_IDENTIFIER = GeonH0.KTVUITests;
				PRODUCT_NAME = "$(TARGET_NAME)";
				SWIFT_EMIT_LOC_STRINGS = NO;
				SWIFT_VERSION = 5.0;
				TARGETED_DEVICE_FAMILY = "1,2";
				TEST_TARGET_NAME = KTV;
			};
			name = Release;
		};
/* End XCBuildConfiguration section */

/* Begin XCConfigurationList section */
		1D4ABCB72C8DC5380032E563 /* Build configuration list for PBXProject "KTV" */ = {
			isa = XCConfigurationList;
			buildConfigurations = (
				1D4ABCE42C8DC5390032E563 /* Debug */,
				1D4ABCE52C8DC5390032E563 /* Release */,
			);
			defaultConfigurationIsVisible = 0;
			defaultConfigurationName = Release;
		};
		1D4ABCE62C8DC5390032E563 /* Build configuration list for PBXNativeTarget "KTV" */ = {
			isa = XCConfigurationList;
			buildConfigurations = (
				1D4ABCE72C8DC5390032E563 /* Debug */,
				1D4ABCE82C8DC5390032E563 /* Release */,
			);
			defaultConfigurationIsVisible = 0;
			defaultConfigurationName = Release;
		};
		1D4ABCE92C8DC5390032E563 /* Build configuration list for PBXNativeTarget "KTVTests" */ = {
			isa = XCConfigurationList;
			buildConfigurations = (
				1D4ABCEA2C8DC5390032E563 /* Debug */,
				1D4ABCEB2C8DC5390032E563 /* Release */,
			);
			defaultConfigurationIsVisible = 0;
			defaultConfigurationName = Release;
		};
		1D4ABCEC2C8DC5390032E563 /* Build configuration list for PBXNativeTarget "KTVUITests" */ = {
			isa = XCConfigurationList;
			buildConfigurations = (
				1D4ABCED2C8DC5390032E563 /* Debug */,
				1D4ABCEE2C8DC5390032E563 /* Release */,
			);
			defaultConfigurationIsVisible = 0;
			defaultConfigurationName = Release;
		};
/* End XCConfigurationList section */
	};
	rootObject = 1D4ABCB42C8DC5380032E563 /* Project object */;
}
